
Microsoft Visual Studio Solution File, Format Version 12.00
# Visual Studio Version 16
VisualStudioVersion = 16.0.32510.428
MinimumVisualStudioVersion = 10.0.40219.1
Project("{FAE04EC0-301F-11D3-BF4B-00C04F79EFBC}") = "BLDataGrid1.Server", "Server\BLDataGrid1.Server.csproj", "{4D119C88-C409-4617-9A55-71BF05124702}"
EndProject
Project("{FAE04EC0-301F-11D3-BF4B-00C04F79EFBC}") = "BLDataGrid1.Client", "Client\BLDataGrid1.Client.csproj", "{F4996509-C403-4772-95B3-B2AB2CB33A1B}"
EndProject
Project("{FAE04EC0-301F-11D3-BF4B-00C04F79EFBC}") = "BLDataGrid1.Shared", "Shared\BLDataGrid1.Shared.csproj", "{B5F58FBE-7F2C-4C8B-A23C-5A4BDA0BE650}"
EndProject
Global
	GlobalSection(SolutionConfigurationPlatforms) = preSolution
		Debug|Any CPU = Debug|Any CPU
		Release|Any CPU = Release|Any CPU
	EndGlobalSection
	GlobalSection(ProjectConfigurationPlatforms) = postSolution
		{4D119C88-C409-4617-9A55-71BF05124702}.Debug|Any CPU.ActiveCfg = Debug|Any CPU
		{4D119C88-C409-4617-9A55-71BF05124702}.Debug|Any CPU.Build.0 = Debug|Any CPU
		{4D119C88-C409-4617-9A55-71BF05124702}.Release|Any CPU.ActiveCfg = Release|Any CPU
		{4D119C88-C409-4617-9A55-71BF05124702}.Release|Any CPU.Build.0 = Release|Any CPU
		{F4996509-C403-4772-95B3-B2AB2CB33A1B}.Debug|Any CPU.ActiveCfg = Debug|Any CPU
		{F4996509-C403-4772-95B3-B2AB2CB33A1B}.Debug|Any CPU.Build.0 = Debug|Any CPU
		{F4996509-C403-4772-95B3-B2AB2CB33A1B}.Release|Any CPU.ActiveCfg = Release|Any CPU
		{F4996509-C403-4772-95B3-B2AB2CB33A1B}.Release|Any CPU.Build.0 = Release|Any CPU
		{B5F58FBE-7F2C-4C8B-A23C-5A4BDA0BE650}.Debug|Any CPU.ActiveCfg = Debug|Any CPU
		{B5F58FBE-7F2C-4C8B-A23C-5A4BDA0BE650}.Debug|Any CPU.Build.0 = Debug|Any CPU
		{B5F58FBE-7F2C-4C8B-A23C-5A4BDA0BE650}.Release|Any CPU.ActiveCfg = Release|Any CPU
		{B5F58FBE-7F2C-4C8B-A23C-5A4BDA0BE650}.Release|Any CPU.Build.0 = Release|Any CPU
	EndGlobalSection
	GlobalSection(SolutionProperties) = preSolution
		HideSolutionNode = FALSE
	EndGlobalSection
	GlobalSection(ExtensibilityGlobals) = postSolution
		SolutionGuid = {FE211F14-7960-4C08-A3D4-AE1BBAF65E7D}
	EndGlobalSection
EndGlobal
