
Microsoft Visual Studio Solution File, Format Version 12.00
# Visual Studio Version 16
VisualStudioVersion = 16.0.32510.428
MinimumVisualStudioVersion = 10.0.40219.1
Project("{FAE04EC0-301F-11D3-BF4B-00C04F79EFBC}") = "UX1Blazor", "UX1Blazor.csproj", "{58D05771-33F3-4516-A9EA-676B251F42FB}"
EndProject
Global
	GlobalSection(SolutionConfigurationPlatforms) = preSolution
		Debug|Any CPU = Debug|Any CPU
		Release|Any CPU = Release|Any CPU
	EndGlobalSection
	GlobalSection(ProjectConfigurationPlatforms) = postSolution
		{58D05771-33F3-4516-A9EA-676B251F42FB}.Debug|Any CPU.ActiveCfg = Debug|Any CPU
		{58D05771-33F3-4516-A9EA-676B251F42FB}.Debug|Any CPU.Build.0 = Debug|Any CPU
		{58D05771-33F3-4516-A9EA-676B251F42FB}.Release|Any CPU.ActiveCfg = Release|Any CPU
		{58D05771-33F3-4516-A9EA-676B251F42FB}.Release|Any CPU.Build.0 = Release|Any CPU
	EndGlobalSection
	GlobalSection(SolutionProperties) = preSolution
		HideSolutionNode = FALSE
	EndGlobalSection
	GlobalSection(ExtensibilityGlobals) = postSolution
		SolutionGuid = {5D7E0C0A-3892-4E8B-815D-2D96D2B125BD}
	EndGlobalSection
EndGlobal
