
Microsoft Visual Studio Solution File, Format Version 12.00
# Visual Studio Version 16
VisualStudioVersion = 16.0.32510.428
MinimumVisualStudioVersion = 10.0.40219.1
Project("{FAE04EC0-301F-11D3-BF4B-00C04F79EFBC}") = "BLUploadFiles.Server", "Server\BLUploadFiles.Server.csproj", "{DAD22C94-E3C2-4721-A513-1F22504D4D51}"
EndProject
Project("{FAE04EC0-301F-11D3-BF4B-00C04F79EFBC}") = "BLUploadFiles.Client", "Client\BLUploadFiles.Client.csproj", "{88E0DAD8-41DC-4937-B9A4-55B887B651E6}"
EndProject
Project("{FAE04EC0-301F-11D3-BF4B-00C04F79EFBC}") = "BLUploadFiles.Shared", "Shared\BLUploadFiles.Shared.csproj", "{DA3042DD-3F7C-420B-90D3-6E438733EA20}"
EndProject
Global
	GlobalSection(SolutionConfigurationPlatforms) = preSolution
		Debug|Any CPU = Debug|Any CPU
		Release|Any CPU = Release|Any CPU
	EndGlobalSection
	GlobalSection(ProjectConfigurationPlatforms) = postSolution
		{DAD22C94-E3C2-4721-A513-1F22504D4D51}.Debug|Any CPU.ActiveCfg = Debug|Any CPU
		{DAD22C94-E3C2-4721-A513-1F22504D4D51}.Debug|Any CPU.Build.0 = Debug|Any CPU
		{DAD22C94-E3C2-4721-A513-1F22504D4D51}.Release|Any CPU.ActiveCfg = Release|Any CPU
		{DAD22C94-E3C2-4721-A513-1F22504D4D51}.Release|Any CPU.Build.0 = Release|Any CPU
		{88E0DAD8-41DC-4937-B9A4-55B887B651E6}.Debug|Any CPU.ActiveCfg = Debug|Any CPU
		{88E0DAD8-41DC-4937-B9A4-55B887B651E6}.Debug|Any CPU.Build.0 = Debug|Any CPU
		{88E0DAD8-41DC-4937-B9A4-55B887B651E6}.Release|Any CPU.ActiveCfg = Release|Any CPU
		{88E0DAD8-41DC-4937-B9A4-55B887B651E6}.Release|Any CPU.Build.0 = Release|Any CPU
		{DA3042DD-3F7C-420B-90D3-6E438733EA20}.Debug|Any CPU.ActiveCfg = Debug|Any CPU
		{DA3042DD-3F7C-420B-90D3-6E438733EA20}.Debug|Any CPU.Build.0 = Debug|Any CPU
		{DA3042DD-3F7C-420B-90D3-6E438733EA20}.Release|Any CPU.ActiveCfg = Release|Any CPU
		{DA3042DD-3F7C-420B-90D3-6E438733EA20}.Release|Any CPU.Build.0 = Release|Any CPU
	EndGlobalSection
	GlobalSection(SolutionProperties) = preSolution
		HideSolutionNode = FALSE
	EndGlobalSection
	GlobalSection(ExtensibilityGlobals) = postSolution
		SolutionGuid = {FE6DEF7A-EFE0-4352-86B6-27243267AF0A}
	EndGlobalSection
EndGlobal
