
Microsoft Visual Studio Solution File, Format Version 12.00
# Visual Studio Version 16
VisualStudioVersion = 16.0.32510.428
MinimumVisualStudioVersion = 10.0.40219.1
Project("{FAE04EC0-301F-11D3-BF4B-00C04F79EFBC}") = "LocalStoragesArray", "LocalStoragesArray.csproj", "{5895452E-7330-4276-96ED-D610F6BCB89D}"
EndProject
Global
	GlobalSection(SolutionConfigurationPlatforms) = preSolution
		Debug|Any CPU = Debug|Any CPU
		Release|Any CPU = Release|Any CPU
	EndGlobalSection
	GlobalSection(ProjectConfigurationPlatforms) = postSolution
		{5895452E-7330-4276-96ED-D610F6BCB89D}.Debug|Any CPU.ActiveCfg = Debug|Any CPU
		{5895452E-7330-4276-96ED-D610F6BCB89D}.Debug|Any CPU.Build.0 = Debug|Any CPU
		{5895452E-7330-4276-96ED-D610F6BCB89D}.Release|Any CPU.ActiveCfg = Release|Any CPU
		{5895452E-7330-4276-96ED-D610F6BCB89D}.Release|Any CPU.Build.0 = Release|Any CPU
	EndGlobalSection
	GlobalSection(SolutionProperties) = preSolution
		HideSolutionNode = FALSE
	EndGlobalSection
	GlobalSection(ExtensibilityGlobals) = postSolution
		SolutionGuid = {48FCCF60-2E1B-4BC3-9076-571B6F060DEC}
	EndGlobalSection
EndGlobal
