
Microsoft Visual Studio Solution File, Format Version 12.00
# Visual Studio Version 16
VisualStudioVersion = 16.0.32510.428
MinimumVisualStudioVersion = 10.0.40219.1
Project("{FAE04EC0-301F-11D3-BF4B-00C04F79EFBC}") = "BLUploadImages.Server", "Server\BLUploadImages.Server.csproj", "{7230FDF7-4E88-410D-8F80-B499A5906934}"
EndProject
Project("{FAE04EC0-301F-11D3-BF4B-00C04F79EFBC}") = "BLUploadImages.Client", "Client\BLUploadImages.Client.csproj", "{ECD791ED-9471-4CFB-9BC9-A7855FE7B83F}"
EndProject
Project("{FAE04EC0-301F-11D3-BF4B-00C04F79EFBC}") = "BLUploadImages.Shared", "Shared\BLUploadImages.Shared.csproj", "{A7E1454B-E0A4-40D4-9403-98E961D1AFE4}"
EndProject
Global
	GlobalSection(SolutionConfigurationPlatforms) = preSolution
		Debug|Any CPU = Debug|Any CPU
		Release|Any CPU = Release|Any CPU
	EndGlobalSection
	GlobalSection(ProjectConfigurationPlatforms) = postSolution
		{7230FDF7-4E88-410D-8F80-B499A5906934}.Debug|Any CPU.ActiveCfg = Debug|Any CPU
		{7230FDF7-4E88-410D-8F80-B499A5906934}.Debug|Any CPU.Build.0 = Debug|Any CPU
		{7230FDF7-4E88-410D-8F80-B499A5906934}.Release|Any CPU.ActiveCfg = Release|Any CPU
		{7230FDF7-4E88-410D-8F80-B499A5906934}.Release|Any CPU.Build.0 = Release|Any CPU
		{ECD791ED-9471-4CFB-9BC9-A7855FE7B83F}.Debug|Any CPU.ActiveCfg = Debug|Any CPU
		{ECD791ED-9471-4CFB-9BC9-A7855FE7B83F}.Debug|Any CPU.Build.0 = Debug|Any CPU
		{ECD791ED-9471-4CFB-9BC9-A7855FE7B83F}.Release|Any CPU.ActiveCfg = Release|Any CPU
		{ECD791ED-9471-4CFB-9BC9-A7855FE7B83F}.Release|Any CPU.Build.0 = Release|Any CPU
		{A7E1454B-E0A4-40D4-9403-98E961D1AFE4}.Debug|Any CPU.ActiveCfg = Debug|Any CPU
		{A7E1454B-E0A4-40D4-9403-98E961D1AFE4}.Debug|Any CPU.Build.0 = Debug|Any CPU
		{A7E1454B-E0A4-40D4-9403-98E961D1AFE4}.Release|Any CPU.ActiveCfg = Release|Any CPU
		{A7E1454B-E0A4-40D4-9403-98E961D1AFE4}.Release|Any CPU.Build.0 = Release|Any CPU
	EndGlobalSection
	GlobalSection(SolutionProperties) = preSolution
		HideSolutionNode = FALSE
	EndGlobalSection
	GlobalSection(ExtensibilityGlobals) = postSolution
		SolutionGuid = {88F7DDEE-C3CF-47E3-ACDB-F98980BBE6E1}
	EndGlobalSection
EndGlobal
